
Microsoft Visual Studio Solution File, Format Version 12.00
# Visual Studio Version 17
VisualStudioVersion = 17.5.33502.453
MinimumVisualStudioVersion = 10.0.40219.1
Project("{FAE04EC0-301F-11D3-BF4B-00C04F79EFBC}") = "FirstRealReact", "FirstRealReact.csproj", "{425E3CF2-D46A-46B0-A8B2-3D0A2ED1A49A}"
EndProject
Global
	GlobalSection(SolutionConfigurationPlatforms) = preSolution
		Debug|Any CPU = Debug|Any CPU
		Release|Any CPU = Release|Any CPU
	EndGlobalSection
	GlobalSection(ProjectConfigurationPlatforms) = postSolution
		{425E3CF2-D46A-46B0-A8B2-3D0A2ED1A49A}.Debug|Any CPU.ActiveCfg = Debug|Any CPU
		{425E3CF2-D46A-46B0-A8B2-3D0A2ED1A49A}.Debug|Any CPU.Build.0 = Debug|Any CPU
		{425E3CF2-D46A-46B0-A8B2-3D0A2ED1A49A}.Release|Any CPU.ActiveCfg = Release|Any CPU
		{425E3CF2-D46A-46B0-A8B2-3D0A2ED1A49A}.Release|Any CPU.Build.0 = Release|Any CPU
	EndGlobalSection
	GlobalSection(SolutionProperties) = preSolution
		HideSolutionNode = FALSE
	EndGlobalSection
	GlobalSection(ExtensibilityGlobals) = postSolution
		SolutionGuid = {C33C41FE-68C3-4EF3-9B37-B401C20506A5}
	EndGlobalSection
EndGlobal
